// !$*UTF8*$!
{
	archiveVersion = 1;
	classes = {
	};
	objectVersion = 50;
	objects = {

/* Begin PBXBuildFile section */
		F258743B2271896F00EB6B8A /* AppDelegate.swift in Sources */ = {isa = PBXBuildFile; fileRef = F258743A2271896F00EB6B8A /* AppDelegate.swift */; };
		F258743D2271896F00EB6B8A /* ViewController.swift in Sources */ = {isa = PBXBuildFile; fileRef = F258743C2271896F00EB6B8A /* ViewController.swift */; };
		F25874402271896F00EB6B8A /* Main.storyboard in Resources */ = {isa = PBXBuildFile; fileRef = F258743E2271896F00EB6B8A /* Main.storyboard */; };
		F25874452271897100EB6B8A /* Assets.xcassets in Resources */ = {isa = PBXBuildFile; fileRef = F25874442271897100EB6B8A /* Assets.xcassets */; };
		F25874482271897100EB6B8A /* LaunchScreen.storyboard in Resources */ = {isa = PBXBuildFile; fileRef = F25874462271897100EB6B8A /* LaunchScreen.storyboard */; };
		F2CA823C22744D0800880CBE /* foodie.xcdatamodeld in Sources */ = {isa = PBXBuildFile; fileRef = F2CA823A22744D0800880CBE /* foodie.xcdatamodeld */; };
		F2CA8242227DE88500880CBE /* ContainerView.swift in Sources */ = {isa = PBXBuildFile; fileRef = F2CA8241227DE88500880CBE /* ContainerView.swift */; };
		F2CA8244227DEBBF00880CBE /* rData.swift in Sources */ = {isa = PBXBuildFile; fileRef = F2CA8243227DEBBF00880CBE /* rData.swift */; };
/* End PBXBuildFile section */

/* Begin PBXFileReference section */
		F25874372271896F00EB6B8A /* foodie.app */ = {isa = PBXFileReference; explicitFileType = wrapper.application; includeInIndex = 0; path = foodie.app; sourceTree = BUILT_PRODUCTS_DIR; };
		F258743A2271896F00EB6B8A /* AppDelegate.swift */ = {isa = PBXFileReference; lastKnownFileType = sourcecode.swift; path = AppDelegate.swift; sourceTree = "<group>"; };
		F258743C2271896F00EB6B8A /* ViewController.swift */ = {isa = PBXFileReference; lastKnownFileType = sourcecode.swift; path = ViewController.swift; sourceTree = "<group>"; };
		F258743F2271896F00EB6B8A /* Base */ = {isa = PBXFileReference; lastKnownFileType = file.storyboard; name = Base; path = Base.lproj/Main.storyboard; sourceTree = "<group>"; };
		F25874442271897100EB6B8A /* Assets.xcassets */ = {isa = PBXFileReference; lastKnownFileType = folder.assetcatalog; path = Assets.xcassets; sourceTree = "<group>"; };
		F25874472271897100EB6B8A /* Base */ = {isa = PBXFileReference; lastKnownFileType = file.storyboard; name = Base; path = Base.lproj/LaunchScreen.storyboard; sourceTree = "<group>"; };
		F25874492271897100EB6B8A /* Info.plist */ = {isa = PBXFileReference; lastKnownFileType = text.plist.xml; path = Info.plist; sourceTree = "<group>"; };
		F2CA823B22744D0800880CBE /* yelp1.xcdatamodel */ = {isa = PBXFileReference; lastKnownFileType = wrapper.xcdatamodel; path = yelp1.xcdatamodel; sourceTree = "<group>"; };
		F2CA8241227DE88500880CBE /* ContainerView.swift */ = {isa = PBXFileReference; lastKnownFileType = sourcecode.swift; path = ContainerView.swift; sourceTree = "<group>"; };
		F2CA8243227DEBBF00880CBE /* rData.swift */ = {isa = PBXFileReference; lastKnownFileType = sourcecode.swift; path = rData.swift; sourceTree = "<group>"; };
/* End PBXFileReference section */

/* Begin PBXFrameworksBuildPhase section */
		F25874342271896F00EB6B8A /* Frameworks */ = {
			isa = PBXFrameworksBuildPhase;
			buildActionMask = 2147483647;
			files = (
			);
			runOnlyForDeploymentPostprocessing = 0;
		};
/* End PBXFrameworksBuildPhase section */

/* Begin PBXGroup section */
		F258742E2271896F00EB6B8A = {
			isa = PBXGroup;
			children = (
				F25874392271896F00EB6B8A /* foodie */,
				F25874382271896F00EB6B8A /* Products */,
			);
			sourceTree = "<group>";
		};
		F25874382271896F00EB6B8A /* Products */ = {
			isa = PBXGroup;
			children = (
				F25874372271896F00EB6B8A /* foodie.app */,
			);
			name = Products;
			sourceTree = "<group>";
		};
		F25874392271896F00EB6B8A /* foodie */ = {
			isa = PBXGroup;
			children = (
				F258743A2271896F00EB6B8A /* AppDelegate.swift */,
				F258743C2271896F00EB6B8A /* ViewController.swift */,
				F2CA8243227DEBBF00880CBE /* rData.swift */,
				F258743E2271896F00EB6B8A /* Main.storyboard */,
				F2CA8241227DE88500880CBE /* ContainerView.swift */,
				F25874442271897100EB6B8A /* Assets.xcassets */,
				F25874462271897100EB6B8A /* LaunchScreen.storyboard */,
				F25874492271897100EB6B8A /* Info.plist */,
				F2CA823A22744D0800880CBE /* foodie.xcdatamodeld */,
			);
			path = foodie;
			sourceTree = "<group>";
		};
/* End PBXGroup section */

/* Begin PBXNativeTarget section */
		F25874362271896F00EB6B8A /* foodie */ = {
			isa = PBXNativeTarget;
			buildConfigurationList = F258744C2271897100EB6B8A /* Build configuration list for PBXNativeTarget "foodie" */;
			buildPhases = (
				F25874332271896F00EB6B8A /* Sources */,
				F25874342271896F00EB6B8A /* Frameworks */,
				F25874352271896F00EB6B8A /* Resources */,
			);
			buildRules = (
			);
			dependencies = (
			);
			name = foodie;
			productName = yelp1;
			productReference = F25874372271896F00EB6B8A /* foodie.app */;
			productType = "com.apple.product-type.application";
		};
/* End PBXNativeTarget section */

/* Begin PBXProject section */
		F258742F2271896F00EB6B8A /* Project object */ = {
			isa = PBXProject;
			attributes = {
				LastSwiftUpdateCheck = 1020;
				LastUpgradeCheck = 1020;
				ORGANIZATIONNAME = company;
				TargetAttributes = {
					F25874362271896F00EB6B8A = {
						CreatedOnToolsVersion = 10.2;
					};
				};
			};
			buildConfigurationList = F25874322271896F00EB6B8A /* Build configuration list for PBXProject "foodie" */;
			compatibilityVersion = "Xcode 9.3";
			developmentRegion = en;
			hasScannedForEncodings = 0;
			knownRegions = (
				en,
				Base,
			);
			mainGroup = F258742E2271896F00EB6B8A;
			productRefGroup = F25874382271896F00EB6B8A /* Products */;
			projectDirPath = "";
			projectRoot = "";
			targets = (
				F25874362271896F00EB6B8A /* foodie */,
			);
		};
/* End PBXProject section */

/* Begin PBXResourcesBuildPhase section */
		F25874352271896F00EB6B8A /* Resources */ = {
			isa = PBXResourcesBuildPhase;
			buildActionMask = 2147483647;
			files = (
				F25874482271897100EB6B8A /* LaunchScreen.storyboard in Resources */,
				F25874452271897100EB6B8A /* Assets.xcassets in Resources */,
				F25874402271896F00EB6B8A /* Main.storyboard in Resources */,
			);
			runOnlyForDeploymentPostprocessing = 0;
		};
/* End PBXResourcesBuildPhase section */

/* Begin PBXSourcesBuildPhase section */
		F25874332271896F00EB6B8A /* Sources */ = {
			isa = PBXSourcesBuildPhase;
			buildActionMask = 2147483647;
			files = (
				F2CA8242227DE88500880CBE /* ContainerView.swift in Sources */,
				F258743D2271896F00EB6B8A /* ViewController.swift in Sources */,
				F258743B2271896F00EB6B8A /* AppDelegate.swift in Sources */,
				F2CA823C22744D0800880CBE /* foodie.xcdatamodeld in Sources */,
				F2CA8244227DEBBF00880CBE /* rData.swift in Sources */,
			);
			runOnlyForDeploymentPostprocessing = 0;
		};
/* End PBXSourcesBuildPhase section */

/* Begin PBXVariantGroup section */
		F258743E2271896F00EB6B8A /* Main.storyboard */ = {
			isa = PBXVariantGroup;
			children = (
				F258743F2271896F00EB6B8A /* Base */,
			);
			name = Main.storyboard;
			sourceTree = "<group>";
		};
		F25874462271897100EB6B8A /* LaunchScreen.storyboard */ = {
			isa = PBXVariantGroup;
			children = (
				F25874472271897100EB6B8A /* Base */,
			);
			name = LaunchScreen.storyboard;
			sourceTree = "<group>";
		};
/* End PBXVariantGroup section */

/* Begin XCBuildConfiguration section */
		F258744A2271897100EB6B8A /* Debug */ = {
			isa = XCBuildConfiguration;
			buildSettings = {
				ALWAYS_SEARCH_USER_PATHS = NO;
				CLANG_ANALYZER_NONNULL = YES;
				CLANG_ANALYZER_NUMBER_OBJECT_CONVERSION = YES_AGGRESSIVE;
				CLANG_CXX_LANGUAGE_STANDARD = "gnu++14";
				CLANG_CXX_LIBRARY = "libc++";
				CLANG_ENABLE_MODULES = YES;
				CLANG_ENABLE_OBJC_ARC = YES;
				CLANG_ENABLE_OBJC_WEAK = YES;
				CLANG_WARN_BLOCK_CAPTURE_AUTORELEASING = YES;
				CLANG_WARN_BOOL_CONVERSION = YES;
				CLANG_WARN_COMMA = YES;
				CLANG_WARN_CONSTANT_CONVERSION = YES;
				CLANG_WARN_DEPRECATED_OBJC_IMPLEMENTATIONS = YES;
				CLANG_WARN_DIRECT_OBJC_ISA_USAGE = YES_ERROR;
				CLANG_WARN_DOCUMENTATION_COMMENTS = YES;
				CLANG_WARN_EMPTY_BODY = YES;
				CLANG_WARN_ENUM_CONVERSION = YES;
				CLANG_WARN_INFINITE_RECURSION = YES;
				CLANG_WARN_INT_CONVERSION = YES;
				CLANG_WARN_NON_LITERAL_NULL_CONVERSION = YES;
				CLANG_WARN_OBJC_IMPLICIT_RETAIN_SELF = YES;
				CLANG_WARN_OBJC_LITERAL_CONVERSION = YES;
				CLANG_WARN_OBJC_ROOT_CLASS = YES_ERROR;
				CLANG_WARN_RANGE_LOOP_ANALYSIS = YES;
				CLANG_WARN_STRICT_PROTOTYPES = YES;
				CLANG_WARN_SUSPICIOUS_MOVE = YES;
				CLANG_WARN_UNGUARDED_AVAILABILITY = YES_AGGRESSIVE;
				CLANG_WARN_UNREACHABLE_CODE = YES;
				CLANG_WARN__DUPLICATE_METHOD_MATCH = YES;
				CODE_SIGN_IDENTITY = "iPhone Developer";
				COPY_PHASE_STRIP = NO;
				DEBUG_INFORMATION_FORMAT = dwarf;
				ENABLE_STRICT_OBJC_MSGSEND = YES;
				ENABLE_TESTABILITY = YES;
				GCC_C_LANGUAGE_STANDARD = gnu11;
				GCC_DYNAMIC_NO_PIC = NO;
				GCC_NO_COMMON_BLOCKS = YES;
				GCC_OPTIMIZATION_LEVEL = 0;
				GCC_PREPROCESSOR_DEFINITIONS = (
					"DEBUG=1",
					"$(inherited)",
				);
				GCC_WARN_64_TO_32_BIT_CONVERSION = YES;
				GCC_WARN_ABOUT_RETURN_TYPE = YES_ERROR;
				GCC_WARN_UNDECLARED_SELECTOR = YES;
				GCC_WARN_UNINITIALIZED_AUTOS = YES_AGGRESSIVE;
				GCC_WARN_UNUSED_FUNCTION = YES;
				GCC_WARN_UNUSED_VARIABLE = YES;
				IPHONEOS_DEPLOYMENT_TARGET = 12.2;
				MTL_ENABLE_DEBUG_INFO = INCLUDE_SOURCE;
				MTL_FAST_MATH = YES;
				ONLY_ACTIVE_ARCH = YES;
				SDKROOT = iphoneos;
				SWIFT_ACTIVE_COMPILATION_CONDITIONS = DEBUG;
				SWIFT_OPTIMIZATION_LEVEL = "-Onone";
			};
			name = Debug;
		};
		F258744B2271897100EB6B8A /* Release */ = {
			isa = XCBuildConfiguration;
			buildSettings = {
				ALWAYS_SEARCH_USER_PATHS = NO;
				CLANG_ANALYZER_NONNULL = YES;
				CLANG_ANALYZER_NUMBER_OBJECT_CONVERSION = YES_AGGRESSIVE;
				CLANG_CXX_LANGUAGE_STANDARD = "gnu++14";
				CLANG_CXX_LIBRARY = "libc++";
				CLANG_ENABLE_MODULES = YES;
				CLANG_ENABLE_OBJC_ARC = YES;
				CLANG_ENABLE_OBJC_WEAK = YES;
				CLANG_WARN_BLOCK_CAPTURE_AUTORELEASING = YES;
				CLANG_WARN_BOOL_CONVERSION = YES;
				CLANG_WARN_COMMA = YES;
				CLANG_WARN_CONSTANT_CONVERSION = YES;
				CLANG_WARN_DEPRECATED_OBJC_IMPLEMENTATIONS = YES;
				CLANG_WARN_DIRECT_OBJC_ISA_USAGE = YES_ERROR;
				CLANG_WARN_DOCUMENTATION_COMMENTS = YES;
				CLANG_WARN_EMPTY_BODY = YES;
				CLANG_WARN_ENUM_CONVERSION = YES;
				CLANG_WARN_INFINITE_RECURSION = YES;
				CLANG_WARN_INT_CONVERSION = YES;
				CLANG_WARN_NON_LITERAL_NULL_CONVERSION = YES;
				CLANG_WARN_OBJC_IMPLICIT_RETAIN_SELF = YES;
				CLANG_WARN_OBJC_LITERAL_CONVERSION = YES;
				CLANG_WARN_OBJC_ROOT_CLASS = YES_ERROR;
				CLANG_WARN_RANGE_LOOP_ANALYSIS = YES;
				CLANG_WARN_STRICT_PROTOTYPES = YES;
				CLANG_WARN_SUSPICIOUS_MOVE = YES;
				CLANG_WARN_UNGUARDED_AVAILABILITY = YES_AGGRESSIVE;
				CLANG_WARN_UNREACHABLE_CODE = YES;
				CLANG_WARN__DUPLICATE_METHOD_MATCH = YES;
				CODE_SIGN_IDENTITY = "iPhone Developer";
				COPY_PHASE_STRIP = NO;
				DEBUG_INFORMATION_FORMAT = "dwarf-with-dsym";
				ENABLE_NS_ASSERTIONS = NO;
				ENABLE_STRICT_OBJC_MSGSEND = YES;
				GCC_C_LANGUAGE_STANDARD = gnu11;
				GCC_NO_COMMON_BLOCKS = YES;
				GCC_WARN_64_TO_32_BIT_CONVERSION = YES;
				GCC_WARN_ABOUT_RETURN_TYPE = YES_ERROR;
				GCC_WARN_UNDECLARED_SELECTOR = YES;
				GCC_WARN_UNINITIALIZED_AUTOS = YES_AGGRESSIVE;
				GCC_WARN_UNUSED_FUNCTION = YES;
				GCC_WARN_UNUSED_VARIABLE = YES;
				IPHONEOS_DEPLOYMENT_TARGET = 12.2;
				MTL_ENABLE_DEBUG_INFO = NO;
				MTL_FAST_MATH = YES;
				SDKROOT = iphoneos;
				SWIFT_COMPILATION_MODE = wholemodule;
				SWIFT_OPTIMIZATION_LEVEL = "-O";
				VALIDATE_PRODUCT = YES;
			};
			name = Release;
		};
		F258744D2271897100EB6B8A /* Debug */ = {
			isa = XCBuildConfiguration;
			buildSettings = {
				ASSETCATALOG_COMPILER_APPICON_NAME = AppIcon;
				CODE_SIGN_STYLE = Automatic;
				DEVELOPMENT_TEAM = Q235V9C9G7;
				INFOPLIST_FILE = foodie/Info.plist;
				LD_RUNPATH_SEARCH_PATHS = (
					"$(inherited)",
					"@executable_path/Frameworks",
				);
				PRODUCT_BUNDLE_IDENTIFIER = com.company.foodie;
				PRODUCT_NAME = "$(TARGET_NAME)";
				SWIFT_VERSION = 5.0;
				TARGETED_DEVICE_FAMILY = "1,2";
			};
			name = Debug;
		};
		F258744E2271897100EB6B8A /* Release */ = {
			isa = XCBuildConfiguration;
			buildSettings = {
				ASSETCATALOG_COMPILER_APPICON_NAME = AppIcon;
				CODE_SIGN_STYLE = Automatic;
				DEVELOPMENT_TEAM = Q235V9C9G7;
				INFOPLIST_FILE = foodie/Info.plist;
				LD_RUNPATH_SEARCH_PATHS = (
					"$(inherited)",
					"@executable_path/Frameworks",
				);
				PRODUCT_BUNDLE_IDENTIFIER = com.company.foodie;
				PRODUCT_NAME = "$(TARGET_NAME)";
				SWIFT_VERSION = 5.0;
				TARGETED_DEVICE_FAMILY = "1,2";
			};
			name = Release;
		};
/* End XCBuildConfiguration section */

/* Begin XCConfigurationList section */
		F25874322271896F00EB6B8A /* Build configuration list for PBXProject "foodie" */ = {
			isa = XCConfigurationList;
			buildConfigurations = (
				F258744A2271897100EB6B8A /* Debug */,
				F258744B2271897100EB6B8A /* Release */,
			);
			defaultConfigurationIsVisible = 0;
			defaultConfigurationName = Release;
		};
		F258744C2271897100EB6B8A /* Build configuration list for PBXNativeTarget "foodie" */ = {
			isa = XCConfigurationList;
			buildConfigurations = (
				F258744D2271897100EB6B8A /* Debug */,
				F258744E2271897100EB6B8A /* Release */,
			);
			defaultConfigurationIsVisible = 0;
			defaultConfigurationName = Release;
		};
/* End XCConfigurationList section */

/* Begin XCVersionGroup section */
		F2CA823A22744D0800880CBE /* foodie.xcdatamodeld */ = {
			isa = XCVersionGroup;
			children = (
				F2CA823B22744D0800880CBE /* yelp1.xcdatamodel */,
			);
			currentVersion = F2CA823B22744D0800880CBE /* yelp1.xcdatamodel */;
			path = foodie.xcdatamodeld;
			sourceTree = "<group>";
			versionGroupType = wrapper.xcdatamodel;
		};
/* End XCVersionGroup section */
	};
	rootObject = F258742F2271896F00EB6B8A /* Project object */;
}
